
Microsoft Visual Studio Solution File, Format Version 12.00
# Visual Studio 2013
VisualStudioVersion = 12.0.31101.0
MinimumVisualStudioVersion = 10.0.40219.1
Project("{FAE04EC0-301F-11D3-BF4B-00C04F79EFBC}") = "AuthorizeNet.Helpers", "AuthorizeNet.Helpers\AuthorizeNet.Helpers.csproj", "{C2A69111-A636-4B87-9E6B-99B0699CD9A6}"
EndProject
Project("{2150E333-8FDC-42A3-9474-1A3956D46DE8}") = ".nuget", ".nuget", "{D1B2E0F5-3DEF-47C9-914C-5B7AF83BD580}"
	ProjectSection(SolutionItems) = preProject
		.nuget\packages.config = .nuget\packages.config
	EndProjectSection
EndProject
Global
	GlobalSection(SolutionConfigurationPlatforms) = preSolution
		Debug|Any CPU = Debug|Any CPU
		Release|Any CPU = Release|Any CPU
	EndGlobalSection
	GlobalSection(ProjectConfigurationPlatforms) = postSolution
		{C2A69111-A636-4B87-9E6B-99B0699CD9A6}.Debug|Any CPU.ActiveCfg = Debug|Any CPU
		{C2A69111-A636-4B87-9E6B-99B0699CD9A6}.Debug|Any CPU.Build.0 = Debug|Any CPU
		{C2A69111-A636-4B87-9E6B-99B0699CD9A6}.Release|Any CPU.ActiveCfg = Release|Any CPU
		{C2A69111-A636-4B87-9E6B-99B0699CD9A6}.Release|Any CPU.Build.0 = Release|Any CPU
	EndGlobalSection
	GlobalSection(SolutionProperties) = preSolution
		HideSolutionNode = FALSE
	EndGlobalSection
EndGlobal
